
Microsoft Visual Studio Solution File, Format Version 12.00
# Visual Studio Version 16
VisualStudioVersion = 16.0.29519.87
MinimumVisualStudioVersion = 10.0.40219.1
Project("{FAE04EC0-301F-11D3-BF4B-00C04F79EFBC}") = "BenchmarkIntro", "BenchmarkIntro\BenchmarkIntro.csproj", "{97D0AFA5-28CB-4698-BECC-C7DCB9D58188}"
EndProject
Global
	GlobalSection(SolutionConfigurationPlatforms) = preSolution
		Debug|Any CPU = Debug|Any CPU
		Release|Any CPU = Release|Any CPU
	EndGlobalSection
	GlobalSection(ProjectConfigurationPlatforms) = postSolution
		{97D0AFA5-28CB-4698-BECC-C7DCB9D58188}.Debug|Any CPU.ActiveCfg = Debug|Any CPU
		{97D0AFA5-28CB-4698-BECC-C7DCB9D58188}.Debug|Any CPU.Build.0 = Debug|Any CPU
		{97D0AFA5-28CB-4698-BECC-C7DCB9D58188}.Release|Any CPU.ActiveCfg = Release|Any CPU
		{97D0AFA5-28CB-4698-BECC-C7DCB9D58188}.Release|Any CPU.Build.0 = Release|Any CPU
	EndGlobalSection
	GlobalSection(SolutionProperties) = preSolution
		HideSolutionNode = FALSE
	EndGlobalSection
	GlobalSection(ExtensibilityGlobals) = postSolution
		SolutionGuid = {F6C08DCA-4CD0-419B-AC83-2DF3422A249C}
	EndGlobalSection
EndGlobal
